
Microsoft Visual Studio Solution File, Format Version 12.00
# Visual Studio Version 16
VisualStudioVersion = 16.0.30611.23
MinimumVisualStudioVersion = 10.0.40219.1
Project("{FAE04EC0-301F-11D3-BF4B-00C04F79EFBC}") = "Act3", "Act3.csproj", "{120BABA9-3222-4A79-BBEE-B829DAC79C70}"
EndProject
Global
	GlobalSection(SolutionConfigurationPlatforms) = preSolution
		Debug|Any CPU = Debug|Any CPU
		Release|Any CPU = Release|Any CPU
	EndGlobalSection
	GlobalSection(ProjectConfigurationPlatforms) = postSolution
		{120BABA9-3222-4A79-BBEE-B829DAC79C70}.Debug|Any CPU.ActiveCfg = Debug|Any CPU
		{120BABA9-3222-4A79-BBEE-B829DAC79C70}.Debug|Any CPU.Build.0 = Debug|Any CPU
		{120BABA9-3222-4A79-BBEE-B829DAC79C70}.Release|Any CPU.ActiveCfg = Release|Any CPU
		{120BABA9-3222-4A79-BBEE-B829DAC79C70}.Release|Any CPU.Build.0 = Release|Any CPU
	EndGlobalSection
	GlobalSection(SolutionProperties) = preSolution
		HideSolutionNode = FALSE
	EndGlobalSection
	GlobalSection(ExtensibilityGlobals) = postSolution
		SolutionGuid = {199897E8-5C55-4232-A160-3A6421788DAD}
	EndGlobalSection
EndGlobal
